// !$*UTF8*$!
{
	archiveVersion = 1;
	classes = {
	};
	objectVersion = 50;
	objects = {

/* Begin PBXBuildFile section */
		65CBC1982258B8FD00EF5218 /* AppDelegate.swift in Sources */ = {isa = PBXBuildFile; fileRef = 65CBC1972258B8FD00EF5218 /* AppDelegate.swift */; };
		65CBC19A2258B8FD00EF5218 /* ViewController.swift in Sources */ = {isa = PBXBuildFile; fileRef = 65CBC1992258B8FD00EF5218 /* ViewController.swift */; };
		65CBC19D2258B8FD00EF5218 /* Main.storyboard in Resources */ = {isa = PBXBuildFile; fileRef = 65CBC19B2258B8FD00EF5218 /* Main.storyboard */; };
		65CBC19F2258B8FE00EF5218 /* Assets.xcassets in Resources */ = {isa = PBXBuildFile; fileRef = 65CBC19E2258B8FE00EF5218 /* Assets.xcassets */; };
		65CBC1A22258B8FE00EF5218 /* LaunchScreen.storyboard in Resources */ = {isa = PBXBuildFile; fileRef = 65CBC1A02258B8FE00EF5218 /* LaunchScreen.storyboard */; };
		65CBC1AE2258B92800EF5218 /* Async+await.swift in Sources */ = {isa = PBXBuildFile; fileRef = 65CBC1AB2258B92800EF5218 /* Async+await.swift */; };
		65CBC1AF2258B92800EF5218 /* Async.swift in Sources */ = {isa = PBXBuildFile; fileRef = 65CBC1AC2258B92800EF5218 /* Async.swift */; };
		65CBC1B02258B92800EF5218 /* Future.swift in Sources */ = {isa = PBXBuildFile; fileRef = 65CBC1AD2258B92800EF5218 /* Future.swift */; };
/* End PBXBuildFile section */

/* Begin PBXFileReference section */
		65CBC1942258B8FD00EF5218 /* AsyncAwait-Example.app */ = {isa = PBXFileReference; explicitFileType = wrapper.application; includeInIndex = 0; path = "AsyncAwait-Example.app"; sourceTree = BUILT_PRODUCTS_DIR; };
		65CBC1972258B8FD00EF5218 /* AppDelegate.swift */ = {isa = PBXFileReference; lastKnownFileType = sourcecode.swift; path = AppDelegate.swift; sourceTree = "<group>"; };
		65CBC1992258B8FD00EF5218 /* ViewController.swift */ = {isa = PBXFileReference; lastKnownFileType = sourcecode.swift; path = ViewController.swift; sourceTree = "<group>"; };
		65CBC19C2258B8FD00EF5218 /* Base */ = {isa = PBXFileReference; lastKnownFileType = file.storyboard; name = Base; path = Base.lproj/Main.storyboard; sourceTree = "<group>"; };
		65CBC19E2258B8FE00EF5218 /* Assets.xcassets */ = {isa = PBXFileReference; lastKnownFileType = folder.assetcatalog; path = Assets.xcassets; sourceTree = "<group>"; };
		65CBC1A12258B8FE00EF5218 /* Base */ = {isa = PBXFileReference; lastKnownFileType = file.storyboard; name = Base; path = Base.lproj/LaunchScreen.storyboard; sourceTree = "<group>"; };
		65CBC1A32258B8FE00EF5218 /* Info.plist */ = {isa = PBXFileReference; lastKnownFileType = text.plist.xml; path = Info.plist; sourceTree = "<group>"; };
		65CBC1AB2258B92800EF5218 /* Async+await.swift */ = {isa = PBXFileReference; fileEncoding = 4; lastKnownFileType = sourcecode.swift; path = "Async+await.swift"; sourceTree = "<group>"; };
		65CBC1AC2258B92800EF5218 /* Async.swift */ = {isa = PBXFileReference; fileEncoding = 4; lastKnownFileType = sourcecode.swift; path = Async.swift; sourceTree = "<group>"; };
		65CBC1AD2258B92800EF5218 /* Future.swift */ = {isa = PBXFileReference; fileEncoding = 4; lastKnownFileType = sourcecode.swift; path = Future.swift; sourceTree = "<group>"; };
/* End PBXFileReference section */

/* Begin PBXFrameworksBuildPhase section */
		65CBC1912258B8FD00EF5218 /* Frameworks */ = {
			isa = PBXFrameworksBuildPhase;
			buildActionMask = 2147483647;
			files = (
			);
			runOnlyForDeploymentPostprocessing = 0;
		};
/* End PBXFrameworksBuildPhase section */

/* Begin PBXGroup section */
		65CBC18B2258B8FD00EF5218 = {
			isa = PBXGroup;
			children = (
				65CBC1962258B8FD00EF5218 /* AsyncAwait-Example */,
				65CBC1952258B8FD00EF5218 /* Products */,
			);
			sourceTree = "<group>";
		};
		65CBC1952258B8FD00EF5218 /* Products */ = {
			isa = PBXGroup;
			children = (
				65CBC1942258B8FD00EF5218 /* AsyncAwait-Example.app */,
			);
			name = Products;
			sourceTree = "<group>";
		};
		65CBC1962258B8FD00EF5218 /* AsyncAwait-Example */ = {
			isa = PBXGroup;
			children = (
				65CBC1A92258B90400EF5218 /* Sources */,
				65CBC1972258B8FD00EF5218 /* AppDelegate.swift */,
				65CBC1992258B8FD00EF5218 /* ViewController.swift */,
				65CBC19B2258B8FD00EF5218 /* Main.storyboard */,
				65CBC19E2258B8FE00EF5218 /* Assets.xcassets */,
				65CBC1A02258B8FE00EF5218 /* LaunchScreen.storyboard */,
				65CBC1A32258B8FE00EF5218 /* Info.plist */,
			);
			path = "AsyncAwait-Example";
			sourceTree = "<group>";
		};
		65CBC1A92258B90400EF5218 /* Sources */ = {
			isa = PBXGroup;
			children = (
				65CBC1AA2258B92800EF5218 /* Async */,
				65CBC1AD2258B92800EF5218 /* Future.swift */,
			);
			path = Sources;
			sourceTree = "<group>";
		};
		65CBC1AA2258B92800EF5218 /* Async */ = {
			isa = PBXGroup;
			children = (
				65CBC1AB2258B92800EF5218 /* Async+await.swift */,
				65CBC1AC2258B92800EF5218 /* Async.swift */,
			);
			path = Async;
			sourceTree = "<group>";
		};
/* End PBXGroup section */

/* Begin PBXNativeTarget section */
		65CBC1932258B8FD00EF5218 /* AsyncAwait-Example */ = {
			isa = PBXNativeTarget;
			buildConfigurationList = 65CBC1A62258B8FE00EF5218 /* Build configuration list for PBXNativeTarget "AsyncAwait-Example" */;
			buildPhases = (
				65CBC1902258B8FD00EF5218 /* Sources */,
				65CBC1912258B8FD00EF5218 /* Frameworks */,
				65CBC1922258B8FD00EF5218 /* Resources */,
			);
			buildRules = (
			);
			dependencies = (
			);
			name = "AsyncAwait-Example";
			productName = AsyncAwait;
			productReference = 65CBC1942258B8FD00EF5218 /* AsyncAwait-Example.app */;
			productType = "com.apple.product-type.application";
		};
/* End PBXNativeTarget section */

/* Begin PBXProject section */
		65CBC18C2258B8FD00EF5218 /* Project object */ = {
			isa = PBXProject;
			attributes = {
				LastSwiftUpdateCheck = 1020;
				LastUpgradeCheck = 1020;
				ORGANIZATIONNAME = "Daniel Illescas Romero";
				TargetAttributes = {
					65CBC1932258B8FD00EF5218 = {
						CreatedOnToolsVersion = 10.2;
					};
				};
			};
			buildConfigurationList = 65CBC18F2258B8FD00EF5218 /* Build configuration list for PBXProject "AsyncAwait-Example" */;
			compatibilityVersion = "Xcode 9.3";
			developmentRegion = en;
			hasScannedForEncodings = 0;
			knownRegions = (
				en,
				Base,
			);
			mainGroup = 65CBC18B2258B8FD00EF5218;
			productRefGroup = 65CBC1952258B8FD00EF5218 /* Products */;
			projectDirPath = "";
			projectRoot = "";
			targets = (
				65CBC1932258B8FD00EF5218 /* AsyncAwait-Example */,
			);
		};
/* End PBXProject section */

/* Begin PBXResourcesBuildPhase section */
		65CBC1922258B8FD00EF5218 /* Resources */ = {
			isa = PBXResourcesBuildPhase;
			buildActionMask = 2147483647;
			files = (
				65CBC1A22258B8FE00EF5218 /* LaunchScreen.storyboard in Resources */,
				65CBC19F2258B8FE00EF5218 /* Assets.xcassets in Resources */,
				65CBC19D2258B8FD00EF5218 /* Main.storyboard in Resources */,
			);
			runOnlyForDeploymentPostprocessing = 0;
		};
/* End PBXResourcesBuildPhase section */

/* Begin PBXSourcesBuildPhase section */
		65CBC1902258B8FD00EF5218 /* Sources */ = {
			isa = PBXSourcesBuildPhase;
			buildActionMask = 2147483647;
			files = (
				65CBC1AF2258B92800EF5218 /* Async.swift in Sources */,
				65CBC1AE2258B92800EF5218 /* Async+await.swift in Sources */,
				65CBC19A2258B8FD00EF5218 /* ViewController.swift in Sources */,
				65CBC1B02258B92800EF5218 /* Future.swift in Sources */,
				65CBC1982258B8FD00EF5218 /* AppDelegate.swift in Sources */,
			);
			runOnlyForDeploymentPostprocessing = 0;
		};
/* End PBXSourcesBuildPhase section */

/* Begin PBXVariantGroup section */
		65CBC19B2258B8FD00EF5218 /* Main.storyboard */ = {
			isa = PBXVariantGroup;
			children = (
				65CBC19C2258B8FD00EF5218 /* Base */,
			);
			name = Main.storyboard;
			sourceTree = "<group>";
		};
		65CBC1A02258B8FE00EF5218 /* LaunchScreen.storyboard */ = {
			isa = PBXVariantGroup;
			children = (
				65CBC1A12258B8FE00EF5218 /* Base */,
			);
			name = LaunchScreen.storyboard;
			sourceTree = "<group>";
		};
/* End PBXVariantGroup section */

/* Begin XCBuildConfiguration section */
		65CBC1A42258B8FE00EF5218 /* Debug */ = {
			isa = XCBuildConfiguration;
			buildSettings = {
				ALWAYS_SEARCH_USER_PATHS = NO;
				CLANG_ANALYZER_NONNULL = YES;
				CLANG_ANALYZER_NUMBER_OBJECT_CONVERSION = YES_AGGRESSIVE;
				CLANG_CXX_LANGUAGE_STANDARD = "gnu++14";
				CLANG_CXX_LIBRARY = "libc++";
				CLANG_ENABLE_MODULES = YES;
				CLANG_ENABLE_OBJC_ARC = YES;
				CLANG_ENABLE_OBJC_WEAK = YES;
				CLANG_WARN_BLOCK_CAPTURE_AUTORELEASING = YES;
				CLANG_WARN_BOOL_CONVERSION = YES;
				CLANG_WARN_COMMA = YES;
				CLANG_WARN_CONSTANT_CONVERSION = YES;
				CLANG_WARN_DEPRECATED_OBJC_IMPLEMENTATIONS = YES;
				CLANG_WARN_DIRECT_OBJC_ISA_USAGE = YES_ERROR;
				CLANG_WARN_DOCUMENTATION_COMMENTS = YES;
				CLANG_WARN_EMPTY_BODY = YES;
				CLANG_WARN_ENUM_CONVERSION = YES;
				CLANG_WARN_INFINITE_RECURSION = YES;
				CLANG_WARN_INT_CONVERSION = YES;
				CLANG_WARN_NON_LITERAL_NULL_CONVERSION = YES;
				CLANG_WARN_OBJC_IMPLICIT_RETAIN_SELF = YES;
				CLANG_WARN_OBJC_LITERAL_CONVERSION = YES;
				CLANG_WARN_OBJC_ROOT_CLASS = YES_ERROR;
				CLANG_WARN_RANGE_LOOP_ANALYSIS = YES;
				CLANG_WARN_STRICT_PROTOTYPES = YES;
				CLANG_WARN_SUSPICIOUS_MOVE = YES;
				CLANG_WARN_UNGUARDED_AVAILABILITY = YES_AGGRESSIVE;
				CLANG_WARN_UNREACHABLE_CODE = YES;
				CLANG_WARN__DUPLICATE_METHOD_MATCH = YES;
				CODE_SIGN_IDENTITY = "iPhone Developer";
				COPY_PHASE_STRIP = NO;
				DEBUG_INFORMATION_FORMAT = dwarf;
				ENABLE_STRICT_OBJC_MSGSEND = YES;
				ENABLE_TESTABILITY = YES;
				GCC_C_LANGUAGE_STANDARD = gnu11;
				GCC_DYNAMIC_NO_PIC = NO;
				GCC_NO_COMMON_BLOCKS = YES;
				GCC_OPTIMIZATION_LEVEL = 0;
				GCC_PREPROCESSOR_DEFINITIONS = (
					"DEBUG=1",
					"$(inherited)",
				);
				GCC_WARN_64_TO_32_BIT_CONVERSION = YES;
				GCC_WARN_ABOUT_RETURN_TYPE = YES_ERROR;
				GCC_WARN_UNDECLARED_SELECTOR = YES;
				GCC_WARN_UNINITIALIZED_AUTOS = YES_AGGRESSIVE;
				GCC_WARN_UNUSED_FUNCTION = YES;
				GCC_WARN_UNUSED_VARIABLE = YES;
				IPHONEOS_DEPLOYMENT_TARGET = 12.2;
				MTL_ENABLE_DEBUG_INFO = INCLUDE_SOURCE;
				MTL_FAST_MATH = YES;
				ONLY_ACTIVE_ARCH = YES;
				SDKROOT = iphoneos;
				SWIFT_ACTIVE_COMPILATION_CONDITIONS = DEBUG;
				SWIFT_OPTIMIZATION_LEVEL = "-Onone";
			};
			name = Debug;
		};
		65CBC1A52258B8FE00EF5218 /* Release */ = {
			isa = XCBuildConfiguration;
			buildSettings = {
				ALWAYS_SEARCH_USER_PATHS = NO;
				CLANG_ANALYZER_NONNULL = YES;
				CLANG_ANALYZER_NUMBER_OBJECT_CONVERSION = YES_AGGRESSIVE;
				CLANG_CXX_LANGUAGE_STANDARD = "gnu++14";
				CLANG_CXX_LIBRARY = "libc++";
				CLANG_ENABLE_MODULES = YES;
				CLANG_ENABLE_OBJC_ARC = YES;
				CLANG_ENABLE_OBJC_WEAK = YES;
				CLANG_WARN_BLOCK_CAPTURE_AUTORELEASING = YES;
				CLANG_WARN_BOOL_CONVERSION = YES;
				CLANG_WARN_COMMA = YES;
				CLANG_WARN_CONSTANT_CONVERSION = YES;
				CLANG_WARN_DEPRECATED_OBJC_IMPLEMENTATIONS = YES;
				CLANG_WARN_DIRECT_OBJC_ISA_USAGE = YES_ERROR;
				CLANG_WARN_DOCUMENTATION_COMMENTS = YES;
				CLANG_WARN_EMPTY_BODY = YES;
				CLANG_WARN_ENUM_CONVERSION = YES;
				CLANG_WARN_INFINITE_RECURSION = YES;
				CLANG_WARN_INT_CONVERSION = YES;
				CLANG_WARN_NON_LITERAL_NULL_CONVERSION = YES;
				CLANG_WARN_OBJC_IMPLICIT_RETAIN_SELF = YES;
				CLANG_WARN_OBJC_LITERAL_CONVERSION = YES;
				CLANG_WARN_OBJC_ROOT_CLASS = YES_ERROR;
				CLANG_WARN_RANGE_LOOP_ANALYSIS = YES;
				CLANG_WARN_STRICT_PROTOTYPES = YES;
				CLANG_WARN_SUSPICIOUS_MOVE = YES;
				CLANG_WARN_UNGUARDED_AVAILABILITY = YES_AGGRESSIVE;
				CLANG_WARN_UNREACHABLE_CODE = YES;
				CLANG_WARN__DUPLICATE_METHOD_MATCH = YES;
				CODE_SIGN_IDENTITY = "iPhone Developer";
				COPY_PHASE_STRIP = NO;
				DEBUG_INFORMATION_FORMAT = "dwarf-with-dsym";
				ENABLE_NS_ASSERTIONS = NO;
				ENABLE_STRICT_OBJC_MSGSEND = YES;
				GCC_C_LANGUAGE_STANDARD = gnu11;
				GCC_NO_COMMON_BLOCKS = YES;
				GCC_WARN_64_TO_32_BIT_CONVERSION = YES;
				GCC_WARN_ABOUT_RETURN_TYPE = YES_ERROR;
				GCC_WARN_UNDECLARED_SELECTOR = YES;
				GCC_WARN_UNINITIALIZED_AUTOS = YES_AGGRESSIVE;
				GCC_WARN_UNUSED_FUNCTION = YES;
				GCC_WARN_UNUSED_VARIABLE = YES;
				IPHONEOS_DEPLOYMENT_TARGET = 12.2;
				MTL_ENABLE_DEBUG_INFO = NO;
				MTL_FAST_MATH = YES;
				SDKROOT = iphoneos;
				SWIFT_COMPILATION_MODE = wholemodule;
				SWIFT_OPTIMIZATION_LEVEL = "-O";
				VALIDATE_PRODUCT = YES;
			};
			name = Release;
		};
		65CBC1A72258B8FE00EF5218 /* Debug */ = {
			isa = XCBuildConfiguration;
			buildSettings = {
				ASSETCATALOG_COMPILER_APPICON_NAME = AppIcon;
				CODE_SIGN_STYLE = Automatic;
				DEVELOPMENT_TEAM = PRK6268SLD;
				INFOPLIST_FILE = "$(SRCROOT)/AsyncAwait-Example/Info.plist";
				LD_RUNPATH_SEARCH_PATHS = (
					"$(inherited)",
					"@executable_path/Frameworks",
				);
				PRODUCT_BUNDLE_IDENTIFIER = "es.illescas-daniel.AsyncAwait";
				PRODUCT_NAME = "$(TARGET_NAME)";
				SWIFT_VERSION = 5.0;
				TARGETED_DEVICE_FAMILY = "1,2";
			};
			name = Debug;
		};
		65CBC1A82258B8FE00EF5218 /* Release */ = {
			isa = XCBuildConfiguration;
			buildSettings = {
				ASSETCATALOG_COMPILER_APPICON_NAME = AppIcon;
				CODE_SIGN_STYLE = Automatic;
				DEVELOPMENT_TEAM = PRK6268SLD;
				INFOPLIST_FILE = "$(SRCROOT)/AsyncAwait-Example/Info.plist";
				LD_RUNPATH_SEARCH_PATHS = (
					"$(inherited)",
					"@executable_path/Frameworks",
				);
				PRODUCT_BUNDLE_IDENTIFIER = "es.illescas-daniel.AsyncAwait";
				PRODUCT_NAME = "$(TARGET_NAME)";
				SWIFT_VERSION = 5.0;
				TARGETED_DEVICE_FAMILY = "1,2";
			};
			name = Release;
		};
/* End XCBuildConfiguration section */

/* Begin XCConfigurationList section */
		65CBC18F2258B8FD00EF5218 /* Build configuration list for PBXProject "AsyncAwait-Example" */ = {
			isa = XCConfigurationList;
			buildConfigurations = (
				65CBC1A42258B8FE00EF5218 /* Debug */,
				65CBC1A52258B8FE00EF5218 /* Release */,
			);
			defaultConfigurationIsVisible = 0;
			defaultConfigurationName = Release;
		};
		65CBC1A62258B8FE00EF5218 /* Build configuration list for PBXNativeTarget "AsyncAwait-Example" */ = {
			isa = XCConfigurationList;
			buildConfigurations = (
				65CBC1A72258B8FE00EF5218 /* Debug */,
				65CBC1A82258B8FE00EF5218 /* Release */,
			);
			defaultConfigurationIsVisible = 0;
			defaultConfigurationName = Release;
		};
/* End XCConfigurationList section */
	};
	rootObject = 65CBC18C2258B8FD00EF5218 /* Project object */;
}
